
Microsoft Visual Studio Solution File, Format Version 12.00
# Visual Studio Version 17
VisualStudioVersion = 17.4.33213.308
MinimumVisualStudioVersion = 10.0.40219.1
Project("{FAE04EC0-301F-11D3-BF4B-00C04F79EFBC}") = "12.desglose billetes y monedas", "12.desglose billetes y monedas.csproj", "{826AAC21-E692-4C78-A0DF-8E5C04880DE2}"
EndProject
Global
	GlobalSection(SolutionConfigurationPlatforms) = preSolution
		Debug|Any CPU = Debug|Any CPU
		Release|Any CPU = Release|Any CPU
	EndGlobalSection
	GlobalSection(ProjectConfigurationPlatforms) = postSolution
		{826AAC21-E692-4C78-A0DF-8E5C04880DE2}.Debug|Any CPU.ActiveCfg = Debug|Any CPU
		{826AAC21-E692-4C78-A0DF-8E5C04880DE2}.Debug|Any CPU.Build.0 = Debug|Any CPU
		{826AAC21-E692-4C78-A0DF-8E5C04880DE2}.Release|Any CPU.ActiveCfg = Release|Any CPU
		{826AAC21-E692-4C78-A0DF-8E5C04880DE2}.Release|Any CPU.Build.0 = Release|Any CPU
	EndGlobalSection
	GlobalSection(SolutionProperties) = preSolution
		HideSolutionNode = FALSE
	EndGlobalSection
	GlobalSection(ExtensibilityGlobals) = postSolution
		SolutionGuid = {BBFED52D-2D80-46E7-8A48-1E04075EC36A}
	EndGlobalSection
EndGlobal
